
Microsoft Visual Studio Solution File, Format Version 12.00
# Visual Studio Version 16
VisualStudioVersion = 16.0.29905.134
MinimumVisualStudioVersion = 10.0.40219.1
Project("{FAE04EC0-301F-11D3-BF4B-00C04F79EFBC}") = "GenericSaaS", "GenericSaaS\GenericSaaS.csproj", "{07174049-CF79-4710-86A8-E5253A4BA8B6}"
EndProject
Global
	GlobalSection(SolutionConfigurationPlatforms) = preSolution
		Debug|Any CPU = Debug|Any CPU
		Release|Any CPU = Release|Any CPU
	EndGlobalSection
	GlobalSection(ProjectConfigurationPlatforms) = postSolution
		{07174049-CF79-4710-86A8-E5253A4BA8B6}.Debug|Any CPU.ActiveCfg = Debug|Any CPU
		{07174049-CF79-4710-86A8-E5253A4BA8B6}.Debug|Any CPU.Build.0 = Debug|Any CPU
		{07174049-CF79-4710-86A8-E5253A4BA8B6}.Release|Any CPU.ActiveCfg = Release|Any CPU
		{07174049-CF79-4710-86A8-E5253A4BA8B6}.Release|Any CPU.Build.0 = Release|Any CPU
	EndGlobalSection
	GlobalSection(SolutionProperties) = preSolution
		HideSolutionNode = FALSE
	EndGlobalSection
	GlobalSection(ExtensibilityGlobals) = postSolution
		SolutionGuid = {D735B7BE-45D8-4A92-98CA-6ED4F651CB9B}
	EndGlobalSection
EndGlobal
